# This file is automatically @generated by Cargo.
# It is not intended for manual editing.
version = 4

[[package]]
name = "aurion-ai"
version = "0.1.0"

[[package]]
name = "aurion-core"
version = "0.1.0"

[[package]]
name = "aurion-native"
version = "0.1.0"

[[package]]
name = "aurion-orch"
version = "0.1.0"

[[package]]
name = "aurion-runner"
version = "0.1.0"

[[package]]
name = "aurion-server"
version = "0.1.0"
